
Microsoft Visual Studio Solution File, Format Version 12.00
# Visual Studio Version 16
VisualStudioVersion = 16.0.34114.132
MinimumVisualStudioVersion = 10.0.40219.1
Project("{FAE04EC0-301F-11D3-BF4B-00C04F79EFBC}") = "SalesWebMvc", "SalesWebMvc\SalesWebMvc.csproj", "{55C0C5C4-606C-4424-96D4-968FD59CC76F}"
EndProject
Global
	GlobalSection(SolutionConfigurationPlatforms) = preSolution
		Debug|Any CPU = Debug|Any CPU
		Release|Any CPU = Release|Any CPU
	EndGlobalSection
	GlobalSection(ProjectConfigurationPlatforms) = postSolution
		{55C0C5C4-606C-4424-96D4-968FD59CC76F}.Debug|Any CPU.ActiveCfg = Debug|Any CPU
		{55C0C5C4-606C-4424-96D4-968FD59CC76F}.Debug|Any CPU.Build.0 = Debug|Any CPU
		{55C0C5C4-606C-4424-96D4-968FD59CC76F}.Release|Any CPU.ActiveCfg = Release|Any CPU
		{55C0C5C4-606C-4424-96D4-968FD59CC76F}.Release|Any CPU.Build.0 = Release|Any CPU
	EndGlobalSection
	GlobalSection(SolutionProperties) = preSolution
		HideSolutionNode = FALSE
	EndGlobalSection
	GlobalSection(ExtensibilityGlobals) = postSolution
		SolutionGuid = {D3ED5C1C-03DB-4724-B37C-9C6C7EEBBF32}
	EndGlobalSection
EndGlobal
